{
  "name": "static",
  "version": "1.0.0",
  "lockfileVersion": 1,
  "requires": true,
  "dependencies": {
    "@types/arcgis-js-api": {
      "version": "4.11.0",
      "resolved": "https://registry.npmjs.org/@types/arcgis-js-api/-/arcgis-js-api-4.11.0.tgz",
      "integrity": "sha512-TIDIBvtoG65uUwdguv2KG6LTckCDGXBgfs+inoq0bLegrjwNb8HqvSgRjij4P+iLhp96bSWRYmPHNs2Zs3Hn3A=="
    }
  }
}
